
Microsoft Visual Studio Solution File, Format Version 12.00
# Visual Studio Version 17
VisualStudioVersion = 17.10.35013.160
MinimumVisualStudioVersion = 10.0.40219.1
Project("{9A19103F-16F7-4668-BE54-9A1E7A4F7556}") = "DirectFerries", "DirectFerries\DirectFerries.csproj", "{EB16226A-0134-4349-96BF-B2B14B6D4DC7}"
EndProject
Project("{FAE04EC0-301F-11D3-BF4B-00C04F79EFBC}") = "DirectFerriesTests", "DirectFerriesTests\DirectFerriesTests.csproj", "{D5362966-3A44-42FF-8071-52DFBE77B087}"
EndProject
Global
	GlobalSection(SolutionConfigurationPlatforms) = preSolution
		Debug|Any CPU = Debug|Any CPU
		Release|Any CPU = Release|Any CPU
	EndGlobalSection
	GlobalSection(ProjectConfigurationPlatforms) = postSolution
		{EB16226A-0134-4349-96BF-B2B14B6D4DC7}.Debug|Any CPU.ActiveCfg = Debug|Any CPU
		{EB16226A-0134-4349-96BF-B2B14B6D4DC7}.Debug|Any CPU.Build.0 = Debug|Any CPU
		{EB16226A-0134-4349-96BF-B2B14B6D4DC7}.Release|Any CPU.ActiveCfg = Release|Any CPU
		{EB16226A-0134-4349-96BF-B2B14B6D4DC7}.Release|Any CPU.Build.0 = Release|Any CPU
		{D5362966-3A44-42FF-8071-52DFBE77B087}.Debug|Any CPU.ActiveCfg = Debug|Any CPU
		{D5362966-3A44-42FF-8071-52DFBE77B087}.Debug|Any CPU.Build.0 = Debug|Any CPU
		{D5362966-3A44-42FF-8071-52DFBE77B087}.Release|Any CPU.ActiveCfg = Release|Any CPU
		{D5362966-3A44-42FF-8071-52DFBE77B087}.Release|Any CPU.Build.0 = Release|Any CPU
	EndGlobalSection
	GlobalSection(SolutionProperties) = preSolution
		HideSolutionNode = FALSE
	EndGlobalSection
	GlobalSection(ExtensibilityGlobals) = postSolution
		SolutionGuid = {D06814CC-8DC5-43DD-8354-DC9C69A9CAAF}
	EndGlobalSection
EndGlobal
